
Microsoft Visual Studio Solution File, Format Version 12.00
# Visual Studio 2015
Project("{FAE04EC0-301F-11D3-BF4B-00C04F79EFBC}") = "Spacegame", "Spacegame.csproj", "{F070CA82-6A7F-6462-3803-EF1BF0DC352E}"
EndProject
Global
	GlobalSection(SolutionConfigurationPlatforms) = preSolution
		Debug|Any CPU = Debug|Any CPU
		Release|Any CPU = Release|Any CPU
	EndGlobalSection
	GlobalSection(ProjectConfigurationPlatforms) = postSolution
		{F070CA82-6A7F-6462-3803-EF1BF0DC352E}.Debug|Any CPU.ActiveCfg = Debug|Any CPU
		{F070CA82-6A7F-6462-3803-EF1BF0DC352E}.Debug|Any CPU.Build.0 = Debug|Any CPU
		{F070CA82-6A7F-6462-3803-EF1BF0DC352E}.Release|Any CPU.ActiveCfg = Release|Any CPU
		{F070CA82-6A7F-6462-3803-EF1BF0DC352E}.Release|Any CPU.Build.0 = Release|Any CPU
	EndGlobalSection
	GlobalSection(SolutionProperties) = preSolution
		HideSolutionNode = FALSE
	EndGlobalSection
EndGlobal
